
Microsoft Visual Studio Solution File, Format Version 12.00
# Visual Studio Version 16
VisualStudioVersion = 16.0.32602.291
MinimumVisualStudioVersion = 10.0.40219.1
Project("{FAE04EC0-301F-11D3-BF4B-00C04F79EFBC}") = "My-books", "My-books\My-books.csproj", "{2D6A084B-F4E8-4408-85CF-FB0D27CD6DBD}"
EndProject
Global
	GlobalSection(SolutionConfigurationPlatforms) = preSolution
		Debug|Any CPU = Debug|Any CPU
		Release|Any CPU = Release|Any CPU
	EndGlobalSection
	GlobalSection(ProjectConfigurationPlatforms) = postSolution
		{2D6A084B-F4E8-4408-85CF-FB0D27CD6DBD}.Debug|Any CPU.ActiveCfg = Debug|Any CPU
		{2D6A084B-F4E8-4408-85CF-FB0D27CD6DBD}.Debug|Any CPU.Build.0 = Debug|Any CPU
		{2D6A084B-F4E8-4408-85CF-FB0D27CD6DBD}.Release|Any CPU.ActiveCfg = Release|Any CPU
		{2D6A084B-F4E8-4408-85CF-FB0D27CD6DBD}.Release|Any CPU.Build.0 = Release|Any CPU
	EndGlobalSection
	GlobalSection(SolutionProperties) = preSolution
		HideSolutionNode = FALSE
	EndGlobalSection
	GlobalSection(ExtensibilityGlobals) = postSolution
		SolutionGuid = {169A16A7-A397-44CD-A503-088D53528E49}
	EndGlobalSection
EndGlobal
